# This file is automatically @generated by Poetry 1.8.2 and should not be changed by hand.

[[package]]
name = "importlib-resources"
version = "6.4.0"
description = "Read resources from Python packages"
optional = false
python-versions = ">=3.8"
files = [
    {file = "importlib_resources-6.4.0-py3-none-any.whl", hash = "sha256:50d10f043df931902d4194ea07ec57960f66a80449ff867bfe782b4c486ba78c"},
    {file = "importlib_resources-6.4.0.tar.gz", hash = "sha256:cdb2b453b8046ca4e3798eb1d84f3cce1446a0e8e7b5ef4efb600f19fc398145"},
]

[package.dependencies]
zipp = {version = ">=3.1.0", markers = "python_version < \"3.10\""}

[package.extras]
docs = ["furo", "jaraco.packaging (>=9.3)", "jaraco.tidelift (>=1.4)", "rst.linker (>=1.9)", "sphinx (<7.2.5)", "sphinx (>=3.5)", "sphinx-lint"]
testing = ["jaraco.test (>=5.4)", "pytest (>=6)", "pytest-checkdocs (>=2.4)", "pytest-cov", "pytest-enabler (>=2.2)", "pytest-mypy", "pytest-ruff (>=0.2.1)", "zipp (>=3.17)"]

[[package]]
name = "libusb-package"
version = "1.0.26.2"
description = "Package containing libusb so it can be installed via Python package managers"
optional = false
python-versions = ">=3.7"
files = [
    {file = "libusb_package-1.0.26.2-cp310-cp310-macosx_10_9_x86_64.whl", hash = "sha256:75ab092f84ee6cf61d25cf8b4f491b2488d8596d035d8347663c5ef6d58219ab"},
    {file = "libusb_package-1.0.26.2-cp310-cp310-macosx_11_0_arm64.whl", hash = "sha256:992481beecac68fb1978b62da83eae5e34c79e4ae16a9104826b4f9c5b121beb"},
    {file = "libusb_package-1.0.26.2-cp310-cp310-manylinux_2_17_aarch64.manylinux2014_aarch64.whl", hash = "sha256:c56fabcd61c27c731e3a2f682a51cf91608a908d83d93f69c2431412a01c70fb"},
    {file = "libusb_package-1.0.26.2-cp310-cp310-manylinux_2_17_i686.manylinux2014_i686.whl", hash = "sha256:9a6baa282fae2733389f16a3356e74a627a5d30d9b96e0a42f8080aa8799a513"},
    {file = "libusb_package-1.0.26.2-cp310-cp310-manylinux_2_17_x86_64.manylinux2014_x86_64.whl", hash = "sha256:1f2409346c53d861cfef4663c003a217334fcd02a38b5521722ec385758a53db"},
    {file = "libusb_package-1.0.26.2-cp310-cp310-musllinux_1_1_aarch64.whl", hash = "sha256:8b5b8fc1d09daad512999ac4539cb224ec6379e08883f6d3f581875a98a94f05"},
    {file = "libusb_package-1.0.26.2-cp310-cp310-musllinux_1_1_i686.whl", hash = "sha256:942217aac7364e6055b8b10b5186dd852e7fc167849adc3de067943b7c461cee"},
    {file = "libusb_package-1.0.26.2-cp310-cp310-musllinux_1_1_x86_64.whl", hash = "sha256:e566aa04957ae61c0c2eb4ec70e7767520fe79c5b9cae2ebbf5eaddbff73ea58"},
    {file = "libusb_package-1.0.26.2-cp310-cp310-win32.whl", hash = "sha256:32e03d0bfbb295cce3a37a18bca70b1f81b139fd8ae835fc0b91b1270b379e5b"},
    {file = "libusb_package-1.0.26.2-cp310-cp310-win_amd64.whl", hash = "sha256:b1e70b24d9a7aa10cc9ce52a7139037e22d4444b152d54770c7c9342cf5e8781"},
    {file = "libusb_package-1.0.26.2-cp311-cp311-macosx_10_9_x86_64.whl", hash = "sha256:4aacc4fe1bf4cd892137f56c9783c81b388c80a249e8afacb1374ac52543e8f2"},
    {file = "libusb_package-1.0.26.2-cp311-cp311-macosx_11_0_arm64.whl", hash = "sha256:1f2f14051983c8869296a1e1659c68e1796a42b5723b2698a30d6aa0e295696a"},
    {file = "libusb_package-1.0.26.2-cp311-cp311-manylinux_2_17_aarch64.manylinux2014_aarch64.whl", hash = "sha256:73e910401d9a9c127b039e16e8b6a1ba4ec8d21a405e6cf12d7ed5ba207058b0"},
    {file = "libusb_package-1.0.26.2-cp311-cp311-manylinux_2_17_i686.manylinux2014_i686.whl", hash = "sha256:2b300f0ad23a986e7085731bb6a622619c550e5df6649463492d4c6c44f8c9d5"},
    {file = "libusb_package-1.0.26.2-cp311-cp311-manylinux_2_17_x86_64.manylinux2014_x86_64.whl", hash = "sha256:08fd35ee52119ae322b10288d9a411e82c9cd87e82ad1d13d63e024236b6d6ba"},
    {file = "libusb_package-1.0.26.2-cp311-cp311-musllinux_1_1_aarch64.whl", hash = "sha256:16089823afced6e407eb39b4519e9c094d17be759a1b0bb1976d581e7b2382ae"},
    {file = "libusb_package-1.0.26.2-cp311-cp311-musllinux_1_1_i686.whl", hash = "sha256:b8a0208b1bc9b2e2b7097d33a7e24f4268e189b05ee5267f57e7346802653b9f"},
    {file = "libusb_package-1.0.26.2-cp311-cp311-musllinux_1_1_x86_64.whl", hash = "sha256:ec40b8a81df4ec972f494db1e0848d38b2a2c117f001aae0e4c739feec50205f"},
    {file = "libusb_package-1.0.26.2-cp311-cp311-win32.whl", hash = "sha256:f1bed2fe1ce230e37826dc25fc077ae892d9edfe9d312aea112f3cbeba2a8588"},
    {file = "libusb_package-1.0.26.2-cp311-cp311-win_amd64.whl", hash = "sha256:982a03c4cd4a5509540f18b127f5b873d54019d5cdc1438f07529dc9080be633"},
    {file = "libusb_package-1.0.26.2-cp37-cp37m-macosx_10_9_x86_64.whl", hash = "sha256:a76378f89cbdf457573b94a889666306f0fac2ab55d0e0b2aa26c8dcec9ac587"},
    {file = "libusb_package-1.0.26.2-cp37-cp37m-manylinux_2_17_aarch64.manylinux2014_aarch64.whl", hash = "sha256:ad8c5ed9a82efcffaa5bb216f8d39a8a244235a98fa14d2e837ef8088a068745"},
    {file = "libusb_package-1.0.26.2-cp37-cp37m-manylinux_2_17_i686.manylinux2014_i686.whl", hash = "sha256:d95f3ddc12380ebd024e2c9a1ee4e0a34555275ddcc6658962df1379fedfaef4"},
    {file = "libusb_package-1.0.26.2-cp37-cp37m-manylinux_2_17_x86_64.manylinux2014_x86_64.whl", hash = "sha256:8803e41bc1c5c5c1c16bb873308fc9cb4613ee51688084e94976d887e3d588b0"},
    {file = "libusb_package-1.0.26.2-cp37-cp37m-musllinux_1_1_aarch64.whl", hash = "sha256:b6d74c3ba47d914c874bef8aa0efc0af99e07b44b7f735cde9ff93573ca33ad2"},
    {file = "libusb_package-1.0.26.2-cp37-cp37m-musllinux_1_1_i686.whl", hash = "sha256:62df8d3f38482864c35347978184c095556796e3af4005f24091dd5bcbed5b0a"},
    {file = "libusb_package-1.0.26.2-cp37-cp37m-musllinux_1_1_x86_64.whl", hash = "sha256:95cfd34bc9ddc4e4d2dbcec1ecf15c68ea0243d75518b13b69450d672189f3d7"},
    {file = "libusb_package-1.0.26.2-cp37-cp37m-win32.whl", hash = "sha256:818115cb123281fa54dc80cfa1033da95a0b0b481adb967e4147d726468a42a5"},
    {file = "libusb_package-1.0.26.2-cp37-cp37m-win_amd64.whl", hash = "sha256:9a109ab311327ce036b9ee0d984935009e0dad45a8a8c8387f580fa11ccfe6fc"},
    {file = "libusb_package-1.0.26.2-cp38-cp38-macosx_10_9_x86_64.whl", hash = "sha256:b158e37423191bfa42d14366ed4dc4fea0f4b6fcc0ad3d180711b8e9609bcd02"},
    {file = "libusb_package-1.0.26.2-cp38-cp38-macosx_11_0_arm64.whl", hash = "sha256:092ea7d50734750197459b7c37e024142cabd090df80cbda9254d8d93bd51ee5"},
    {file = "libusb_package-1.0.26.2-cp38-cp38-manylinux_2_17_aarch64.manylinux2014_aarch64.whl", hash = "sha256:c9cb4e98e44efc87a0bbdcd231101797518a688cc2528355b9200a0f4b18522e"},
    {file = "libusb_package-1.0.26.2-cp38-cp38-manylinux_2_17_i686.manylinux2014_i686.whl", hash = "sha256:b655fded7314065a60e088d2e49b014155a700a96b01af081abb914ce1fa2e96"},
    {file = "libusb_package-1.0.26.2-cp38-cp38-manylinux_2_17_x86_64.manylinux2014_x86_64.whl", hash = "sha256:93a59c9fdb4d76f2c4bb93c4fbc3c7450c746082e9aa9ba71d2b8f87a958121e"},
    {file = "libusb_package-1.0.26.2-cp38-cp38-musllinux_1_1_aarch64.whl", hash = "sha256:f132290e962af25fd89a64c0960d5f5d2b46aab647bc52a959b09742d3a3a3b0"},
    {file = "libusb_package-1.0.26.2-cp38-cp38-musllinux_1_1_i686.whl", hash = "sha256:6a4875c15a3a6c19c999c7f11ff533bd7abadbc1e581f1c4135b0225344fdd94"},
    {file = "libusb_package-1.0.26.2-cp38-cp38-musllinux_1_1_x86_64.whl", hash = "sha256:50a1c23c05a966094e1cc3876109228dc966e1d31cec6ffb69a6b2cde5d4049f"},
    {file = "libusb_package-1.0.26.2-cp38-cp38-win32.whl", hash = "sha256:40befc6b6b774cfc34d19b79ba04800494150f256709f0b8e76f5f05b1c1c9ac"},
    {file = "libusb_package-1.0.26.2-cp38-cp38-win_amd64.whl", hash = "sha256:1c68660a83d25a32fccc9aa2d300800a3b523508268f01edc322fb2f68cf04a7"},
    {file = "libusb_package-1.0.26.2-cp39-cp39-macosx_10_9_x86_64.whl", hash = "sha256:57f186097f3086b0fbaf91f823a70df0993f098c5780db2bfd941184a6e5fa42"},
    {file = "libusb_package-1.0.26.2-cp39-cp39-macosx_11_0_arm64.whl", hash = "sha256:67069b698c79c53e704b67b10147b94ca8e7cfb55fb84010c3d38218bda51c03"},
    {file = "libusb_package-1.0.26.2-cp39-cp39-manylinux_2_17_aarch64.manylinux2014_aarch64.whl", hash = "sha256:51961a3b2e5eb7c276052d4a5d347de1b6d128751eae576e7162f95f6d1e466d"},
    {file = "libusb_package-1.0.26.2-cp39-cp39-manylinux_2_17_i686.manylinux2014_i686.whl", hash = "sha256:21304366f16aa684f6b2fc49a8603e8e1eb3c61f2db60cdbdea71ef4d8ea166b"},
    {file = "libusb_package-1.0.26.2-cp39-cp39-manylinux_2_17_x86_64.manylinux2014_x86_64.whl", hash = "sha256:613c5ff62c19c18b248de2159a6c4093e8adac8f9f5655e8f32e71a9cb36e5df"},
    {file = "libusb_package-1.0.26.2-cp39-cp39-musllinux_1_1_aarch64.whl", hash = "sha256:d69bf72ebdba7f892e9cf45fe55f8308b4b683db887728da28c3721cd6a624fd"},
    {file = "libusb_package-1.0.26.2-cp39-cp39-musllinux_1_1_i686.whl", hash = "sha256:45e791e7083a7b4500cdaff0854ff3f74da31d0d375c6f86aab70ae629934829"},
    {file = "libusb_package-1.0.26.2-cp39-cp39-musllinux_1_1_x86_64.whl", hash = "sha256:8b4e7f01b359e8178d2112b2eefdccbfe2fd36a1e57dbcebf1678aef266e691a"},
    {file = "libusb_package-1.0.26.2-cp39-cp39-win32.whl", hash = "sha256:051feb717910fc868da437d271bcaa2d0b59fce951f304821a3139ababb3d69f"},
    {file = "libusb_package-1.0.26.2-cp39-cp39-win_amd64.whl", hash = "sha256:ad1d6b7e8e2323a222b4f968f16f27dbe91f48e4c8cc802bf27022e324b8b99b"},
    {file = "libusb_package-1.0.26.2-pp37-pypy37_pp73-macosx_10_9_x86_64.whl", hash = "sha256:bea164dbeff193a052a2d64896dd136c0bfccd8b3000a2d233d2d23cddf18436"},
    {file = "libusb_package-1.0.26.2-pp37-pypy37_pp73-manylinux_2_17_aarch64.manylinux2014_aarch64.whl", hash = "sha256:18e77e0b2a30b72c963adb99c520f78414ab91940d97acba745ff791eb3477dd"},
    {file = "libusb_package-1.0.26.2-pp37-pypy37_pp73-manylinux_2_17_i686.manylinux2014_i686.whl", hash = "sha256:cc14c8b37f9acebadbf7b1ab7c788826e67dfecf4a872c6a2698777716856333"},
    {file = "libusb_package-1.0.26.2-pp37-pypy37_pp73-manylinux_2_17_x86_64.manylinux2014_x86_64.whl", hash = "sha256:fba4e8fc77865cbf7464f5a847129c282a8bd26868da160b2b90d61c67192d4b"},
    {file = "libusb_package-1.0.26.2-pp37-pypy37_pp73-win_amd64.whl", hash = "sha256:86ffd4480e578e86277f5d2c65aad30db21c02bb7b8a439c44585ca65bb7fe7c"},
    {file = "libusb_package-1.0.26.2-pp38-pypy38_pp73-macosx_10_9_x86_64.whl", hash = "sha256:28e5867f8a290ca3a448954d1d34b875ba7d0e5f775e4c775f9eebdecc68dfb1"},
    {file = "libusb_package-1.0.26.2-pp38-pypy38_pp73-manylinux_2_17_aarch64.manylinux2014_aarch64.whl", hash = "sha256:229d40f83a1d8ae0cd9d111a829972224527573a98487d092496840b98a82af2"},
    {file = "libusb_package-1.0.26.2-pp38-pypy38_pp73-manylinux_2_17_i686.manylinux2014_i686.whl", hash = "sha256:5186ed5c9bf04f50aec6b30d4795ff48f227137a2f6c92b2d6503a29b0b9761b"},
    {file = "libusb_package-1.0.26.2-pp38-pypy38_pp73-manylinux_2_17_x86_64.manylinux2014_x86_64.whl", hash = "sha256:c1e01a04d7115900b6fb864b822d04a06159bc1c57dbefd119fad09506f7d242"},
    {file = "libusb_package-1.0.26.2-pp38-pypy38_pp73-win_amd64.whl", hash = "sha256:960069cd1478996e7f00d9c98347bfb1804f14e309fa1f00cbd26136dc1074f8"},
    {file = "libusb_package-1.0.26.2-pp39-pypy39_pp73-macosx_10_9_x86_64.whl", hash = "sha256:0970e9e92bc13564fe75c3fc74e60601cb31866fc0345cb1f6461b9f983d6062"},
    {file = "libusb_package-1.0.26.2-pp39-pypy39_pp73-manylinux_2_17_aarch64.manylinux2014_aarch64.whl", hash = "sha256:75ec775bf3950ca2f9287ae86637a6de8a9a8addf463bfb176026403ea78c64b"},
    {file = "libusb_package-1.0.26.2-pp39-pypy39_pp73-manylinux_2_17_i686.manylinux2014_i686.whl", hash = "sha256:74d0b0bd2a284d3ba9b1b99c334171230d88658ef2d64e2f83a71dc28c65f2da"},
    {file = "libusb_package-1.0.26.2-pp39-pypy39_pp73-manylinux_2_17_x86_64.manylinux2014_x86_64.whl", hash = "sha256:7a96262d51f2714a250cf89e063f354a621d81438a7019bca5035e3ab4a65988"},
    {file = "libusb_package-1.0.26.2-pp39-pypy39_pp73-win_amd64.whl", hash = "sha256:5fbd4ea17c36806c94e6c2fc4d6a6548c628c0ad874937b0953946d49f29f23b"},
]

[package.dependencies]
importlib-resources = "*"

[[package]]
name = "pyusb"
version = "1.2.1"
description = "Python USB access module"
optional = false
python-versions = ">=3.6.0"
files = [
    {file = "pyusb-1.2.1-py3-none-any.whl", hash = "sha256:2b4c7cb86dbadf044dfb9d3a4ff69fd217013dbe78a792177a3feb172449ea36"},
    {file = "pyusb-1.2.1.tar.gz", hash = "sha256:a4cc7404a203144754164b8b40994e2849fde1cfff06b08492f12fff9d9de7b9"},
]

[[package]]
name = "zipp"
version = "3.18.1"
description = "Backport of pathlib-compatible object wrapper for zip files"
optional = false
python-versions = ">=3.8"
files = [
    {file = "zipp-3.18.1-py3-none-any.whl", hash = "sha256:206f5a15f2af3dbaee80769fb7dc6f249695e940acca08dfb2a4769fe61e538b"},
    {file = "zipp-3.18.1.tar.gz", hash = "sha256:2884ed22e7d8961de1c9a05142eb69a247f120291bc0206a00a7642f09b5b715"},
]

[package.extras]
docs = ["furo", "jaraco.packaging (>=9.3)", "jaraco.tidelift (>=1.4)", "rst.linker (>=1.9)", "sphinx (>=3.5)", "sphinx-lint"]
testing = ["big-O", "jaraco.functools", "jaraco.itertools", "more-itertools", "pytest (>=6)", "pytest-checkdocs (>=2.4)", "pytest-cov", "pytest-enabler (>=2.2)", "pytest-ignore-flaky", "pytest-mypy", "pytest-ruff (>=0.2.1)"]

[metadata]
lock-version = "2.0"
python-versions = "^3.8"
content-hash = "c0122c0b3dcfd46eaa3d267acb34ff432d52624fb4e0d688f9f4d55a041630c0"
